
Microsoft Visual Studio Solution File, Format Version 12.00
# Visual Studio Version 16
VisualStudioVersion = 16.0.32126.315
MinimumVisualStudioVersion = 10.0.40219.1
Project("{FAE04EC0-301F-11D3-BF4B-00C04F79EFBC}") = "01. Randomize Words", "01. Randomize Words\01. Randomize Words.csproj", "{01242F88-5089-4D97-8BBF-01078255CEDE}"
EndProject
Project("{FAE04EC0-301F-11D3-BF4B-00C04F79EFBC}") = "02. Big Factorial", "02. Big Factorial\02. Big Factorial.csproj", "{74BD5776-5F0A-47DD-95D7-39F9D9A8CA19}"
EndProject
Global
	GlobalSection(SolutionConfigurationPlatforms) = preSolution
		Debug|Any CPU = Debug|Any CPU
		Release|Any CPU = Release|Any CPU
	EndGlobalSection
	GlobalSection(ProjectConfigurationPlatforms) = postSolution
		{01242F88-5089-4D97-8BBF-01078255CEDE}.Debug|Any CPU.ActiveCfg = Debug|Any CPU
		{01242F88-5089-4D97-8BBF-01078255CEDE}.Debug|Any CPU.Build.0 = Debug|Any CPU
		{01242F88-5089-4D97-8BBF-01078255CEDE}.Release|Any CPU.ActiveCfg = Release|Any CPU
		{01242F88-5089-4D97-8BBF-01078255CEDE}.Release|Any CPU.Build.0 = Release|Any CPU
		{74BD5776-5F0A-47DD-95D7-39F9D9A8CA19}.Debug|Any CPU.ActiveCfg = Debug|Any CPU
		{74BD5776-5F0A-47DD-95D7-39F9D9A8CA19}.Debug|Any CPU.Build.0 = Debug|Any CPU
		{74BD5776-5F0A-47DD-95D7-39F9D9A8CA19}.Release|Any CPU.ActiveCfg = Release|Any CPU
		{74BD5776-5F0A-47DD-95D7-39F9D9A8CA19}.Release|Any CPU.Build.0 = Release|Any CPU
	EndGlobalSection
	GlobalSection(SolutionProperties) = preSolution
		HideSolutionNode = FALSE
	EndGlobalSection
	GlobalSection(ExtensibilityGlobals) = postSolution
		SolutionGuid = {1040D579-2906-4EEB-AF1B-9C5A1D908AFF}
	EndGlobalSection
EndGlobal
